
Microsoft Visual Studio Solution File, Format Version 12.00
# Visual Studio Version 17
VisualStudioVersion = 17.7.34009.444
MinimumVisualStudioVersion = 10.0.40219.1
Project("{9A19103F-16F7-4668-BE54-9A1E7A4F7556}") = "RestaurantReservation.Db", "RestaurantReservation.Db\RestaurantReservation.Db.csproj", "{B76C1F29-FFF2-42F2-BC1C-B8E51E6A5DCB}"
EndProject
Project("{9A19103F-16F7-4668-BE54-9A1E7A4F7556}") = "RestaurantReservation", "RestaurantReservation\RestaurantReservation.csproj", "{4848FD0E-3B8E-4913-BEEF-86E6637E9921}"
EndProject
Project("{9A19103F-16F7-4668-BE54-9A1E7A4F7556}") = "RestaurantReservation.Contracts", "RestaurantReservation.Contracts\RestaurantReservation.Contracts.csproj", "{AA615128-6E29-4488-8572-F71CE2EAD75C}"
EndProject
Project("{FAE04EC0-301F-11D3-BF4B-00C04F79EFBC}") = "RestaurantReservation.API", "RestaurantReservation.API\RestaurantReservation.API.csproj", "{CA040B45-E4FD-4563-A112-95452F4B5CB0}"
EndProject
Global
	GlobalSection(SolutionConfigurationPlatforms) = preSolution
		Debug|Any CPU = Debug|Any CPU
		Release|Any CPU = Release|Any CPU
	EndGlobalSection
	GlobalSection(ProjectConfigurationPlatforms) = postSolution
		{B76C1F29-FFF2-42F2-BC1C-B8E51E6A5DCB}.Debug|Any CPU.ActiveCfg = Debug|Any CPU
		{B76C1F29-FFF2-42F2-BC1C-B8E51E6A5DCB}.Debug|Any CPU.Build.0 = Debug|Any CPU
		{B76C1F29-FFF2-42F2-BC1C-B8E51E6A5DCB}.Release|Any CPU.ActiveCfg = Release|Any CPU
		{B76C1F29-FFF2-42F2-BC1C-B8E51E6A5DCB}.Release|Any CPU.Build.0 = Release|Any CPU
		{4848FD0E-3B8E-4913-BEEF-86E6637E9921}.Debug|Any CPU.ActiveCfg = Debug|Any CPU
		{4848FD0E-3B8E-4913-BEEF-86E6637E9921}.Debug|Any CPU.Build.0 = Debug|Any CPU
		{4848FD0E-3B8E-4913-BEEF-86E6637E9921}.Release|Any CPU.ActiveCfg = Release|Any CPU
		{4848FD0E-3B8E-4913-BEEF-86E6637E9921}.Release|Any CPU.Build.0 = Release|Any CPU
		{AA615128-6E29-4488-8572-F71CE2EAD75C}.Debug|Any CPU.ActiveCfg = Debug|Any CPU
		{AA615128-6E29-4488-8572-F71CE2EAD75C}.Debug|Any CPU.Build.0 = Debug|Any CPU
		{AA615128-6E29-4488-8572-F71CE2EAD75C}.Release|Any CPU.ActiveCfg = Release|Any CPU
		{AA615128-6E29-4488-8572-F71CE2EAD75C}.Release|Any CPU.Build.0 = Release|Any CPU
		{CA040B45-E4FD-4563-A112-95452F4B5CB0}.Debug|Any CPU.ActiveCfg = Debug|Any CPU
		{CA040B45-E4FD-4563-A112-95452F4B5CB0}.Debug|Any CPU.Build.0 = Debug|Any CPU
		{CA040B45-E4FD-4563-A112-95452F4B5CB0}.Release|Any CPU.ActiveCfg = Release|Any CPU
		{CA040B45-E4FD-4563-A112-95452F4B5CB0}.Release|Any CPU.Build.0 = Release|Any CPU
	EndGlobalSection
	GlobalSection(SolutionProperties) = preSolution
		HideSolutionNode = FALSE
	EndGlobalSection
	GlobalSection(ExtensibilityGlobals) = postSolution
		SolutionGuid = {59752499-E226-439F-8274-1B18FA3764E3}
	EndGlobalSection
EndGlobal
